
Microsoft Visual Studio Solution File, Format Version 12.00
# Visual Studio Version 17
VisualStudioVersion = 17.5.33530.505
MinimumVisualStudioVersion = 10.0.40219.1
Project("{FAE04EC0-301F-11D3-BF4B-00C04F79EFBC}") = "AStarWithBinaryHeap", "AStarWithBinaryHeap\AStarWithBinaryHeap.csproj", "{3C092224-BCA8-420D-9B90-B3C7E6D9F567}"
EndProject
Global
	GlobalSection(SolutionConfigurationPlatforms) = preSolution
		Debug|Any CPU = Debug|Any CPU
		Release|Any CPU = Release|Any CPU
	EndGlobalSection
	GlobalSection(ProjectConfigurationPlatforms) = postSolution
		{3C092224-BCA8-420D-9B90-B3C7E6D9F567}.Debug|Any CPU.ActiveCfg = Debug|Any CPU
		{3C092224-BCA8-420D-9B90-B3C7E6D9F567}.Debug|Any CPU.Build.0 = Debug|Any CPU
		{3C092224-BCA8-420D-9B90-B3C7E6D9F567}.Release|Any CPU.ActiveCfg = Release|Any CPU
		{3C092224-BCA8-420D-9B90-B3C7E6D9F567}.Release|Any CPU.Build.0 = Release|Any CPU
	EndGlobalSection
	GlobalSection(SolutionProperties) = preSolution
		HideSolutionNode = FALSE
	EndGlobalSection
	GlobalSection(ExtensibilityGlobals) = postSolution
		SolutionGuid = {1B8637E4-7A3B-4ACC-A91C-83D3637BDCDF}
	EndGlobalSection
EndGlobal
